
Microsoft Visual Studio Solution File, Format Version 12.00
# Visual Studio 15
VisualStudioVersion = 15.0.28307.757
MinimumVisualStudioVersion = 10.0.40219.1
Project("{FAE04EC0-301F-11D3-BF4B-00C04F79EFBC}") = "Deskmanager", "Deskmanager\Deskmanager.csproj", "{0B1760DF-DCCE-45CC-A46D-EC0E5C0EBEA8}"
EndProject
Global
	GlobalSection(SolutionConfigurationPlatforms) = preSolution
		Debug|Any CPU = Debug|Any CPU
		Release|Any CPU = Release|Any CPU
	EndGlobalSection
	GlobalSection(ProjectConfigurationPlatforms) = postSolution
		{0B1760DF-DCCE-45CC-A46D-EC0E5C0EBEA8}.Debug|Any CPU.ActiveCfg = Debug|Any CPU
		{0B1760DF-DCCE-45CC-A46D-EC0E5C0EBEA8}.Debug|Any CPU.Build.0 = Debug|Any CPU
		{0B1760DF-DCCE-45CC-A46D-EC0E5C0EBEA8}.Release|Any CPU.ActiveCfg = Release|Any CPU
		{0B1760DF-DCCE-45CC-A46D-EC0E5C0EBEA8}.Release|Any CPU.Build.0 = Release|Any CPU
	EndGlobalSection
	GlobalSection(SolutionProperties) = preSolution
		HideSolutionNode = FALSE
	EndGlobalSection
	GlobalSection(ExtensibilityGlobals) = postSolution
		SolutionGuid = {74F01A92-FDD1-45D4-BECF-968232635FFF}
	EndGlobalSection
EndGlobal
